// !$*UTF8*$!
{
	archiveVersion = 1;
	classes = {
	};
	objectVersion = 77;
	objects = {

/* Begin PBXBuildFile section */
		0706F0E6F46750F1A82A05FC /* CCloudComposition in Frameworks */ = {isa = PBXBuildFile; productRef = CDF38D31A834ED0A8FB06B24 /* CCloudComposition */; };
		0E816CF90F0FEFE606DEE9AC /* CCloudComposition in Frameworks */ = {isa = PBXBuildFile; productRef = 8E1E5186E3A91F89D02A14ED /* CCloudComposition */; };
		7677AC0930EC0E85F844144E /* CCloudComposition in Frameworks */ = {isa = PBXBuildFile; productRef = 1D7ADBF1EFDAD298D18900B5 /* CCloudComposition */; };
/* End PBXBuildFile section */

/* Begin PBXFileReference section */
		4A8F2C0F3549A918093ED91D /* CCloud.app */ = {isa = PBXFileReference; explicitFileType = wrapper.application; includeInIndex = 0; path = CCloud.app; sourceTree = BUILT_PRODUCTS_DIR; };
		5C8E1557970B103D723CE51E /* Info.plist */ = {isa = PBXFileReference; lastKnownFileType = text.plist.xml; path = Info.plist; sourceTree = "<group>"; };
		B3725EEE4BB47BEEED472355 /* Info.plist */ = {isa = PBXFileReference; lastKnownFileType = text.plist.xml; path = Info.plist; sourceTree = "<group>"; };
		C2A8DACC65BA9551C50E24E0 /* CCloud.app */ = {isa = PBXFileReference; explicitFileType = wrapper.application; includeInIndex = 0; path = CCloud.app; sourceTree = BUILT_PRODUCTS_DIR; };
		E39D4999142D5C0DDD51585B /* Info.plist */ = {isa = PBXFileReference; lastKnownFileType = text.plist.xml; path = Info.plist; sourceTree = "<group>"; };
		ED65B0462A8030BE6F189C1E /* CCloud.app */ = {isa = PBXFileReference; explicitFileType = wrapper.application; includeInIndex = 0; path = CCloud.app; sourceTree = BUILT_PRODUCTS_DIR; };
/* End PBXFileReference section */

/* Begin PBXFileSystemSynchronizedRootGroup section */
		0C015605A3CCD083A418DC84 /* tvOS */ = {
			isa = PBXFileSystemSynchronizedRootGroup;
			path = tvOS;
			sourceTree = "<group>";
		};
		2A8EE8D23547C1F0DEF70715 /* Shared */ = {
			isa = PBXFileSystemSynchronizedRootGroup;
			path = Shared;
			sourceTree = "<group>";
		};
		73D1D3ACC9F8D3A1264BC624 /* iOS */ = {
			isa = PBXFileSystemSynchronizedRootGroup;
			path = iOS;
			sourceTree = "<group>";
		};
		CE40284E59382282FEBB137D /* macOS */ = {
			isa = PBXFileSystemSynchronizedRootGroup;
			path = macOS;
			sourceTree = "<group>";
		};
/* End PBXFileSystemSynchronizedRootGroup section */

/* Begin PBXFrameworksBuildPhase section */
		5BC18D35CA3C1548EDCA7B0C /* Frameworks */ = {
			isa = PBXFrameworksBuildPhase;
			buildActionMask = 2147483647;
			files = (
				0E816CF90F0FEFE606DEE9AC /* CCloudComposition in Frameworks */,
			);
			runOnlyForDeploymentPostprocessing = 0;
		};
		A0BF7DBBDF7B3BF9337FCB42 /* Frameworks */ = {
			isa = PBXFrameworksBuildPhase;
			buildActionMask = 2147483647;
			files = (
				0706F0E6F46750F1A82A05FC /* CCloudComposition in Frameworks */,
			);
			runOnlyForDeploymentPostprocessing = 0;
		};
		A0E4858D705A461E8E0D1479 /* Frameworks */ = {
			isa = PBXFrameworksBuildPhase;
			buildActionMask = 2147483647;
			files = (
				7677AC0930EC0E85F844144E /* CCloudComposition in Frameworks */,
			);
			runOnlyForDeploymentPostprocessing = 0;
		};
/* End PBXFrameworksBuildPhase section */

/* Begin PBXGroup section */
		00BEBBF9D771615594F118C0 = {
			isa = PBXGroup;
			children = (
				DF23FEB7FFFBE86252929951 /* App */,
				6F78B6FE4791FC2155907E65 /* Config */,
				1D8EC40C9E1DA264DAFAD2D9 /* Products */,
			);
			sourceTree = "<group>";
		};
		04D0AA9A39BAB04C61A0B992 /* tvOS */ = {
			isa = PBXGroup;
			children = (
				B3725EEE4BB47BEEED472355 /* Info.plist */,
			);
			path = tvOS;
			sourceTree = "<group>";
		};
		1D8EC40C9E1DA264DAFAD2D9 /* Products */ = {
			isa = PBXGroup;
			children = (
				ED65B0462A8030BE6F189C1E /* CCloud.app */,
				C2A8DACC65BA9551C50E24E0 /* CCloud.app */,
				4A8F2C0F3549A918093ED91D /* CCloud.app */,
			);
			name = Products;
			sourceTree = "<group>";
		};
		573990401A87080C62E2C4D2 /* iOS */ = {
			isa = PBXGroup;
			children = (
				E39D4999142D5C0DDD51585B /* Info.plist */,
			);
			path = iOS;
			sourceTree = "<group>";
		};
		6F78B6FE4791FC2155907E65 /* Config */ = {
			isa = PBXGroup;
			children = (
				573990401A87080C62E2C4D2 /* iOS */,
				04D0AA9A39BAB04C61A0B992 /* tvOS */,
				CEFCC4970340DE4DA99D01B8 /* macOS */,
			);
			path = Config;
			sourceTree = "<group>";
		};
		CEFCC4970340DE4DA99D01B8 /* macOS */ = {
			isa = PBXGroup;
			children = (
				5C8E1557970B103D723CE51E /* Info.plist */,
			);
			path = macOS;
			sourceTree = "<group>";
		};
		DF23FEB7FFFBE86252929951 /* App */ = {
			isa = PBXGroup;
			children = (
				2A8EE8D23547C1F0DEF70715 /* Shared */,
				73D1D3ACC9F8D3A1264BC624 /* iOS */,
				0C015605A3CCD083A418DC84 /* tvOS */,
				CE40284E59382282FEBB137D /* macOS */,
			);
			path = App;
			sourceTree = "<group>";
		};
/* End PBXGroup section */

/* Begin PBXNativeTarget section */
		538D38EC9E5664CA4DFE2B7A /* CCloud-tvOS */ = {
			isa = PBXNativeTarget;
			buildConfigurationList = 1D4AF7A2522E1E7DC126BDC0 /* Build configuration list for PBXNativeTarget "CCloud-tvOS" */;
			buildPhases = (
				68EB83BC00F6D07E04F9F7D9 /* Sources */,
				5BC18D35CA3C1548EDCA7B0C /* Frameworks */,
				AC918E3BF9F4252FECB4919E /* Resources */,
				F11BD57994FE2A59F5BF6004 /* Thin VLCKit */,
			);
			buildRules = (
			);
			dependencies = (
			);
			fileSystemSynchronizedGroups = (
				0C015605A3CCD083A418DC84 /* tvOS */,
				2A8EE8D23547C1F0DEF70715 /* Shared */,
			);
			name = "CCloud-tvOS";
			packageProductDependencies = (
				8E1E5186E3A91F89D02A14ED /* CCloudComposition */,
			);
			productName = CCloud;
			productReference = C2A8DACC65BA9551C50E24E0 /* CCloud.app */;
			productType = "com.apple.product-type.application";
		};
		7D41B8491F6F348E3690AA44 /* CCloud-macOS */ = {
			isa = PBXNativeTarget;
			buildConfigurationList = 6985769CB085EA4A86ADB7F2 /* Build configuration list for PBXNativeTarget "CCloud-macOS" */;
			buildPhases = (
				08DAEFDA8EFD103898CCA20E /* Sources */,
				A0E4858D705A461E8E0D1479 /* Frameworks */,
				73A50C64681BE93842FA2DD3 /* Resources */,
			);
			buildRules = (
			);
			dependencies = (
			);
			fileSystemSynchronizedGroups = (
				2A8EE8D23547C1F0DEF70715 /* Shared */,
				CE40284E59382282FEBB137D /* macOS */,
			);
			name = "CCloud-macOS";
			packageProductDependencies = (
				1D7ADBF1EFDAD298D18900B5 /* CCloudComposition */,
			);
			productName = CCloud;
			productReference = 4A8F2C0F3549A918093ED91D /* CCloud.app */;
			productType = "com.apple.product-type.application";
		};
		9F28932EA5E7EC2D7275D083 /* CCloud-iOS */ = {
			isa = PBXNativeTarget;
			buildConfigurationList = 92B16A283A1106B430529771 /* Build configuration list for PBXNativeTarget "CCloud-iOS" */;
			buildPhases = (
				873154C51F827E98BC2C299E /* Sources */,
				A0BF7DBBDF7B3BF9337FCB42 /* Frameworks */,
				0F3E6512CF27BD838268A89C /* Resources */,
				B2B5DB7CE81DFAFE760705B6 /* Thin VLCKit */,
			);
			buildRules = (
			);
			dependencies = (
			);
			fileSystemSynchronizedGroups = (
				2A8EE8D23547C1F0DEF70715 /* Shared */,
				73D1D3ACC9F8D3A1264BC624 /* iOS */,
			);
			name = "CCloud-iOS";
			packageProductDependencies = (
				CDF38D31A834ED0A8FB06B24 /* CCloudComposition */,
			);
			productName = CCloud;
			productReference = ED65B0462A8030BE6F189C1E /* CCloud.app */;
			productType = "com.apple.product-type.application";
		};
/* End PBXNativeTarget section */

/* Begin PBXProject section */
		06243CF2AF66EF9332FD97E5 /* Project object */ = {
			isa = PBXProject;
			attributes = {
				BuildIndependentTargetsInParallel = 1;
				LastSwiftUpdateCheck = 2700;
				LastUpgradeCheck = 2700;
				TargetAttributes = {
					538D38EC9E5664CA4DFE2B7A = {
						CreatedOnToolsVersion = 27.0;
					};
					7D41B8491F6F348E3690AA44 = {
						CreatedOnToolsVersion = 27.0;
					};
					9F28932EA5E7EC2D7275D083 = {
						CreatedOnToolsVersion = 27.0;
					};
				};
			};
			buildConfigurationList = F3DF4B64DAEA78A6E585E0FF /* Build configuration list for PBXProject "CCloud" */;
			developmentRegion = en;
			hasScannedForEncodings = 0;
			knownRegions = (
				en,
				fa,
				Base,
			);
			mainGroup = 00BEBBF9D771615594F118C0;
			minimizedProjectReferenceProxies = 1;
			packageReferences = (
				FCF13A4FF578D8657F5DA3C5 /* XCLocalSwiftPackageReference "CCloudKit" */,
			);
			preferredProjectObjectVersion = 77;
			productRefGroup = 1D8EC40C9E1DA264DAFAD2D9 /* Products */;
			projectDirPath = "";
			projectRoot = "";
			targets = (
				9F28932EA5E7EC2D7275D083 /* CCloud-iOS */,
				538D38EC9E5664CA4DFE2B7A /* CCloud-tvOS */,
				7D41B8491F6F348E3690AA44 /* CCloud-macOS */,
			);
		};
/* End PBXProject section */

/* Begin PBXResourcesBuildPhase section */
		0F3E6512CF27BD838268A89C /* Resources */ = {
			isa = PBXResourcesBuildPhase;
			buildActionMask = 2147483647;
			files = (
			);
			runOnlyForDeploymentPostprocessing = 0;
		};
		73A50C64681BE93842FA2DD3 /* Resources */ = {
			isa = PBXResourcesBuildPhase;
			buildActionMask = 2147483647;
			files = (
			);
			runOnlyForDeploymentPostprocessing = 0;
		};
		AC918E3BF9F4252FECB4919E /* Resources */ = {
			isa = PBXResourcesBuildPhase;
			buildActionMask = 2147483647;
			files = (
			);
			runOnlyForDeploymentPostprocessing = 0;
		};
/* End PBXResourcesBuildPhase section */

/* Begin PBXShellScriptBuildPhase section */
		B2B5DB7CE81DFAFE760705B6 /* Thin VLCKit */ = {
			isa = PBXShellScriptBuildPhase;
			alwaysOutOfDate = 1;
			buildActionMask = 2147483647;
			files = (
			);
			inputFileListPaths = (
			);
			inputPaths = (
			);
			name = "Thin VLCKit";
			outputFileListPaths = (
			);
			outputPaths = (
			);
			runOnlyForDeploymentPostprocessing = 0;
			shellPath = /bin/sh;
			shellScript = "\"${SRCROOT}/../scripts/thin-vlckit.sh\"\n";
			showEnvVarsInLog = 0;
		};
		F11BD57994FE2A59F5BF6004 /* Thin VLCKit */ = {
			isa = PBXShellScriptBuildPhase;
			alwaysOutOfDate = 1;
			buildActionMask = 2147483647;
			files = (
			);
			inputFileListPaths = (
			);
			inputPaths = (
			);
			name = "Thin VLCKit";
			outputFileListPaths = (
			);
			outputPaths = (
			);
			runOnlyForDeploymentPostprocessing = 0;
			shellPath = /bin/sh;
			shellScript = "\"${SRCROOT}/../scripts/thin-vlckit.sh\"\n";
			showEnvVarsInLog = 0;
		};
/* End PBXShellScriptBuildPhase section */

/* Begin PBXSourcesBuildPhase section */
		08DAEFDA8EFD103898CCA20E /* Sources */ = {
			isa = PBXSourcesBuildPhase;
			buildActionMask = 2147483647;
			files = (
			);
			runOnlyForDeploymentPostprocessing = 0;
		};
		68EB83BC00F6D07E04F9F7D9 /* Sources */ = {
			isa = PBXSourcesBuildPhase;
			buildActionMask = 2147483647;
			files = (
			);
			runOnlyForDeploymentPostprocessing = 0;
		};
		873154C51F827E98BC2C299E /* Sources */ = {
			isa = PBXSourcesBuildPhase;
			buildActionMask = 2147483647;
			files = (
			);
			runOnlyForDeploymentPostprocessing = 0;
		};
/* End PBXSourcesBuildPhase section */

/* Begin XCBuildConfiguration section */
		1CD2A35A4CCE44AE180B416A /* Debug */ = {
			isa = XCBuildConfiguration;
			buildSettings = {
				ALWAYS_SEARCH_USER_PATHS = NO;
				ASSETCATALOG_COMPILER_GENERATE_SWIFT_ASSET_SYMBOL_EXTENSIONS = YES;
				CLANG_ANALYZER_NONNULL = YES;
				CLANG_ANALYZER_NUMBER_OBJECT_CONVERSION = YES_AGGRESSIVE;
				CLANG_CXX_LANGUAGE_STANDARD = "gnu++20";
				CLANG_ENABLE_MODULES = YES;
				CLANG_ENABLE_OBJC_ARC = YES;
				CLANG_ENABLE_OBJC_WEAK = YES;
				CLANG_WARN_BLOCK_CAPTURE_AUTORELEASING = YES;
				CLANG_WARN_BOOL_CONVERSION = YES;
				CLANG_WARN_COMMA = YES;
				CLANG_WARN_CONSTANT_CONVERSION = YES;
				CLANG_WARN_DEPRECATED_OBJC_IMPLEMENTATIONS = YES;
				CLANG_WARN_DIRECT_OBJC_ISA_USAGE = YES_ERROR;
				CLANG_WARN_DOCUMENTATION_COMMENTS = YES;
				CLANG_WARN_EMPTY_BODY = YES;
				CLANG_WARN_ENUM_CONVERSION = YES;
				CLANG_WARN_INFINITE_RECURSION = YES;
				CLANG_WARN_INT_CONVERSION = YES;
				CLANG_WARN_NON_LITERAL_NULL_CONVERSION = YES;
				CLANG_WARN_OBJC_IMPLICIT_RETAIN_SELF = YES;
				CLANG_WARN_OBJC_LITERAL_CONVERSION = YES;
				CLANG_WARN_OBJC_ROOT_CLASS = YES_ERROR;
				CLANG_WARN_QUOTED_INCLUDE_IN_FRAMEWORK_HEADER = YES;
				CLANG_WARN_RANGE_LOOP_ANALYSIS = YES;
				CLANG_WARN_STRICT_PROTOTYPES = YES;
				CLANG_WARN_SUSPICIOUS_MOVE = YES;
				CLANG_WARN_UNGUARDED_AVAILABILITY = YES_AGGRESSIVE;
				CLANG_WARN_UNREACHABLE_CODE = YES;
				CLANG_WARN__DUPLICATE_METHOD_MATCH = YES;
				COPY_PHASE_STRIP = NO;
				DEBUG_INFORMATION_FORMAT = dwarf;
				DEVELOPMENT_TEAM = 987RHGW4P4;
				ENABLE_STRICT_OBJC_MSGSEND = YES;
				ENABLE_TESTABILITY = YES;
				ENABLE_USER_SCRIPT_SANDBOXING = YES;
				GCC_C_LANGUAGE_STANDARD = gnu17;
				GCC_DYNAMIC_NO_PIC = NO;
				GCC_NO_COMMON_BLOCKS = YES;
				GCC_OPTIMIZATION_LEVEL = 0;
				GCC_PREPROCESSOR_DEFINITIONS = (
					"DEBUG=1",
					"$(inherited)",
				);
				GCC_WARN_64_TO_32_BIT_CONVERSION = YES;
				GCC_WARN_ABOUT_RETURN_TYPE = YES_ERROR;
				GCC_WARN_UNDECLARED_SELECTOR = YES;
				GCC_WARN_UNINITIALIZED_AUTOS = YES_AGGRESSIVE;
				GCC_WARN_UNUSED_FUNCTION = YES;
				GCC_WARN_UNUSED_VARIABLE = YES;
				LOCALIZATION_PREFERS_STRING_CATALOGS = YES;
				MTL_ENABLE_DEBUG_INFO = INCLUDE_SOURCE;
				MTL_FAST_MATH = YES;
				ONLY_ACTIVE_ARCH = YES;
				SWIFT_ACTIVE_COMPILATION_CONDITIONS = "DEBUG $(inherited)";
				SWIFT_OPTIMIZATION_LEVEL = "-Onone";
			};
			name = Debug;
		};
		1E06FC91CE2185A9E061B694 /* Debug */ = {
			isa = XCBuildConfiguration;
			buildSettings = {
				ASSETCATALOG_COMPILER_APPICON_NAME = AppIcon;
				ASSETCATALOG_COMPILER_GLOBAL_ACCENT_COLOR_NAME = AccentColor;
				CODE_SIGN_STYLE = Automatic;
				CURRENT_PROJECT_VERSION = 1;
				DEVELOPMENT_TEAM = 987RHGW4P4;
				ENABLE_PREVIEWS = YES;
				ENABLE_USER_SCRIPT_SANDBOXING = NO;
				GENERATE_INFOPLIST_FILE = YES;
				INFOPLIST_FILE = Config/iOS/Info.plist;
				INFOPLIST_KEY_CFBundleDisplayName = "CCloud TV";
				INFOPLIST_KEY_LSApplicationCategoryType = "public.app-category.entertainment";
				INFOPLIST_KEY_UIApplicationSceneManifest_Generation = YES;
				INFOPLIST_KEY_UIApplicationSupportsIndirectInputEvents = YES;
				INFOPLIST_KEY_UILaunchScreen_Generation = YES;
				INFOPLIST_KEY_UISupportedInterfaceOrientations_iPad = "UIInterfaceOrientationPortrait UIInterfaceOrientationPortraitUpsideDown UIInterfaceOrientationLandscapeLeft UIInterfaceOrientationLandscapeRight";
				INFOPLIST_KEY_UISupportedInterfaceOrientations_iPhone = "UIInterfaceOrientationPortrait UIInterfaceOrientationLandscapeLeft UIInterfaceOrientationLandscapeRight";
				IPHONEOS_DEPLOYMENT_TARGET = 18.0;
				LD_RUNPATH_SEARCH_PATHS = (
					"$(inherited)",
					"@executable_path/Frameworks",
				);
				MARKETING_VERSION = 1.0;
				PRODUCT_BUNDLE_IDENTIFIER = app.thepixelforge.CCloud;
				PRODUCT_NAME = CCloud;
				SDKROOT = iphoneos;
				STRING_CATALOG_GENERATE_SYMBOLS = YES;
				SUPPORTED_PLATFORMS = "iphoneos iphonesimulator";
				SUPPORTS_MACCATALYST = NO;
				SUPPORTS_MAC_DESIGNED_FOR_IPHONE_IPAD = NO;
				SUPPORTS_XR_DESIGNED_FOR_IPHONE_IPAD = NO;
				SWIFT_APPROACHABLE_CONCURRENCY = YES;
				SWIFT_DEFAULT_ACTOR_ISOLATION = MainActor;
				SWIFT_EMIT_LOC_STRINGS = YES;
				SWIFT_UPCOMING_FEATURE_MEMBER_IMPORT_VISIBILITY = YES;
				SWIFT_VERSION = 6.0;
				TARGETED_DEVICE_FAMILY = "1,2";
			};
			name = Debug;
		};
		31640EDFEC6AB497D34C60FE /* Debug */ = {
			isa = XCBuildConfiguration;
			buildSettings = {
				ASSETCATALOG_COMPILER_APPICON_NAME = "App Icon & Top Shelf Image";
				ASSETCATALOG_COMPILER_GLOBAL_ACCENT_COLOR_NAME = AccentColor;
				CODE_SIGN_STYLE = Automatic;
				CURRENT_PROJECT_VERSION = 1;
				DEVELOPMENT_TEAM = 987RHGW4P4;
				ENABLE_PREVIEWS = YES;
				ENABLE_USER_SCRIPT_SANDBOXING = NO;
				GENERATE_INFOPLIST_FILE = YES;
				INFOPLIST_FILE = Config/tvOS/Info.plist;
				INFOPLIST_KEY_CFBundleDisplayName = "CCloud TV";
				INFOPLIST_KEY_LSApplicationCategoryType = "public.app-category.entertainment";
				LD_RUNPATH_SEARCH_PATHS = (
					"$(inherited)",
					"@executable_path/Frameworks",
				);
				MARKETING_VERSION = 1.0;
				PRODUCT_BUNDLE_IDENTIFIER = app.thepixelforge.CCloud;
				PRODUCT_NAME = CCloud;
				SDKROOT = appletvos;
				STRING_CATALOG_GENERATE_SYMBOLS = YES;
				SUPPORTED_PLATFORMS = "appletvos appletvsimulator";
				SWIFT_APPROACHABLE_CONCURRENCY = YES;
				SWIFT_DEFAULT_ACTOR_ISOLATION = MainActor;
				SWIFT_EMIT_LOC_STRINGS = YES;
				SWIFT_UPCOMING_FEATURE_MEMBER_IMPORT_VISIBILITY = YES;
				SWIFT_VERSION = 6.0;
				TARGETED_DEVICE_FAMILY = 3;
				TVOS_DEPLOYMENT_TARGET = 18.0;
			};
			name = Debug;
		};
		432AC5E18ACFF6B59298C547 /* Debug */ = {
			isa = XCBuildConfiguration;
			buildSettings = {
				ASSETCATALOG_COMPILER_APPICON_NAME = AppIcon;
				ASSETCATALOG_COMPILER_GLOBAL_ACCENT_COLOR_NAME = AccentColor;
				"CODE_SIGN_IDENTITY[sdk=macosx*]" = "-";
				CODE_SIGN_STYLE = Automatic;
				COMBINE_HIDPI_IMAGES = YES;
				CURRENT_PROJECT_VERSION = 1;
				DEVELOPMENT_TEAM = 987RHGW4P4;
				ENABLE_APP_SANDBOX = YES;
				ENABLE_HARDENED_RUNTIME = YES;
				ENABLE_OUTGOING_NETWORK_CONNECTIONS = YES;
				ENABLE_PREVIEWS = YES;
				ENABLE_USER_SELECTED_FILES = readonly;
				GENERATE_INFOPLIST_FILE = YES;
				INFOPLIST_FILE = Config/macOS/Info.plist;
				INFOPLIST_KEY_CFBundleDisplayName = "CCloud TV";
				INFOPLIST_KEY_LSApplicationCategoryType = "public.app-category.entertainment";
				INFOPLIST_KEY_NSHumanReadableCopyright = "";
				LD_RUNPATH_SEARCH_PATHS = (
					"$(inherited)",
					"@executable_path/../Frameworks",
				);
				MACOSX_DEPLOYMENT_TARGET = 15.0;
				MARKETING_VERSION = 1.0;
				PRODUCT_BUNDLE_IDENTIFIER = app.thepixelforge.CCloud;
				PRODUCT_NAME = CCloud;
				SDKROOT = macosx;
				STRING_CATALOG_GENERATE_SYMBOLS = YES;
				SUPPORTED_PLATFORMS = macosx;
				SWIFT_APPROACHABLE_CONCURRENCY = YES;
				SWIFT_DEFAULT_ACTOR_ISOLATION = MainActor;
				SWIFT_EMIT_LOC_STRINGS = YES;
				SWIFT_UPCOMING_FEATURE_MEMBER_IMPORT_VISIBILITY = YES;
				SWIFT_VERSION = 6.0;
			};
			name = Debug;
		};
		5B6CCF21E6F549D5870F83C9 /* Release */ = {
			isa = XCBuildConfiguration;
			buildSettings = {
				ASSETCATALOG_COMPILER_APPICON_NAME = "App Icon & Top Shelf Image";
				ASSETCATALOG_COMPILER_GLOBAL_ACCENT_COLOR_NAME = AccentColor;
				CODE_SIGN_STYLE = Automatic;
				CURRENT_PROJECT_VERSION = 1;
				DEVELOPMENT_TEAM = 987RHGW4P4;
				ENABLE_PREVIEWS = YES;
				ENABLE_USER_SCRIPT_SANDBOXING = NO;
				GENERATE_INFOPLIST_FILE = YES;
				INFOPLIST_FILE = Config/tvOS/Info.plist;
				INFOPLIST_KEY_CFBundleDisplayName = "CCloud TV";
				INFOPLIST_KEY_LSApplicationCategoryType = "public.app-category.entertainment";
				LD_RUNPATH_SEARCH_PATHS = (
					"$(inherited)",
					"@executable_path/Frameworks",
				);
				MARKETING_VERSION = 1.0;
				PRODUCT_BUNDLE_IDENTIFIER = app.thepixelforge.CCloud;
				PRODUCT_NAME = CCloud;
				SDKROOT = appletvos;
				STRING_CATALOG_GENERATE_SYMBOLS = YES;
				SUPPORTED_PLATFORMS = "appletvos appletvsimulator";
				SWIFT_APPROACHABLE_CONCURRENCY = YES;
				SWIFT_DEFAULT_ACTOR_ISOLATION = MainActor;
				SWIFT_EMIT_LOC_STRINGS = YES;
				SWIFT_UPCOMING_FEATURE_MEMBER_IMPORT_VISIBILITY = YES;
				SWIFT_VERSION = 6.0;
				TARGETED_DEVICE_FAMILY = 3;
				TVOS_DEPLOYMENT_TARGET = 18.0;
			};
			name = Release;
		};
		864229D890BAA1058C051A5D /* Release */ = {
			isa = XCBuildConfiguration;
			buildSettings = {
				ALWAYS_SEARCH_USER_PATHS = NO;
				ASSETCATALOG_COMPILER_GENERATE_SWIFT_ASSET_SYMBOL_EXTENSIONS = YES;
				CLANG_ANALYZER_NONNULL = YES;
				CLANG_ANALYZER_NUMBER_OBJECT_CONVERSION = YES_AGGRESSIVE;
				CLANG_CXX_LANGUAGE_STANDARD = "gnu++20";
				CLANG_ENABLE_MODULES = YES;
				CLANG_ENABLE_OBJC_ARC = YES;
				CLANG_ENABLE_OBJC_WEAK = YES;
				CLANG_WARN_BLOCK_CAPTURE_AUTORELEASING = YES;
				CLANG_WARN_BOOL_CONVERSION = YES;
				CLANG_WARN_COMMA = YES;
				CLANG_WARN_CONSTANT_CONVERSION = YES;
				CLANG_WARN_DEPRECATED_OBJC_IMPLEMENTATIONS = YES;
				CLANG_WARN_DIRECT_OBJC_ISA_USAGE = YES_ERROR;
				CLANG_WARN_DOCUMENTATION_COMMENTS = YES;
				CLANG_WARN_EMPTY_BODY = YES;
				CLANG_WARN_ENUM_CONVERSION = YES;
				CLANG_WARN_INFINITE_RECURSION = YES;
				CLANG_WARN_INT_CONVERSION = YES;
				CLANG_WARN_NON_LITERAL_NULL_CONVERSION = YES;
				CLANG_WARN_OBJC_IMPLICIT_RETAIN_SELF = YES;
				CLANG_WARN_OBJC_LITERAL_CONVERSION = YES;
				CLANG_WARN_OBJC_ROOT_CLASS = YES_ERROR;
				CLANG_WARN_QUOTED_INCLUDE_IN_FRAMEWORK_HEADER = YES;
				CLANG_WARN_RANGE_LOOP_ANALYSIS = YES;
				CLANG_WARN_STRICT_PROTOTYPES = YES;
				CLANG_WARN_SUSPICIOUS_MOVE = YES;
				CLANG_WARN_UNGUARDED_AVAILABILITY = YES_AGGRESSIVE;
				CLANG_WARN_UNREACHABLE_CODE = YES;
				CLANG_WARN__DUPLICATE_METHOD_MATCH = YES;
				COPY_PHASE_STRIP = NO;
				DEBUG_INFORMATION_FORMAT = "dwarf-with-dsym";
				DEVELOPMENT_TEAM = 987RHGW4P4;
				ENABLE_NS_ASSERTIONS = NO;
				ENABLE_STRICT_OBJC_MSGSEND = YES;
				ENABLE_USER_SCRIPT_SANDBOXING = YES;
				GCC_C_LANGUAGE_STANDARD = gnu17;
				GCC_NO_COMMON_BLOCKS = YES;
				GCC_WARN_64_TO_32_BIT_CONVERSION = YES;
				GCC_WARN_ABOUT_RETURN_TYPE = YES_ERROR;
				GCC_WARN_UNDECLARED_SELECTOR = YES;
				GCC_WARN_UNINITIALIZED_AUTOS = YES_AGGRESSIVE;
				GCC_WARN_UNUSED_FUNCTION = YES;
				GCC_WARN_UNUSED_VARIABLE = YES;
				LOCALIZATION_PREFERS_STRING_CATALOGS = YES;
				MTL_ENABLE_DEBUG_INFO = NO;
				MTL_FAST_MATH = YES;
				SWIFT_COMPILATION_MODE = wholemodule;
			};
			name = Release;
		};
		86F343FE57DE7CC6554523B2 /* Release */ = {
			isa = XCBuildConfiguration;
			buildSettings = {
				ASSETCATALOG_COMPILER_APPICON_NAME = AppIcon;
				ASSETCATALOG_COMPILER_GLOBAL_ACCENT_COLOR_NAME = AccentColor;
				CODE_SIGN_STYLE = Automatic;
				CURRENT_PROJECT_VERSION = 1;
				DEVELOPMENT_TEAM = 987RHGW4P4;
				ENABLE_PREVIEWS = YES;
				ENABLE_USER_SCRIPT_SANDBOXING = NO;
				GENERATE_INFOPLIST_FILE = YES;
				INFOPLIST_FILE = Config/iOS/Info.plist;
				INFOPLIST_KEY_CFBundleDisplayName = "CCloud TV";
				INFOPLIST_KEY_LSApplicationCategoryType = "public.app-category.entertainment";
				INFOPLIST_KEY_UIApplicationSceneManifest_Generation = YES;
				INFOPLIST_KEY_UIApplicationSupportsIndirectInputEvents = YES;
				INFOPLIST_KEY_UILaunchScreen_Generation = YES;
				INFOPLIST_KEY_UISupportedInterfaceOrientations_iPad = "UIInterfaceOrientationPortrait UIInterfaceOrientationPortraitUpsideDown UIInterfaceOrientationLandscapeLeft UIInterfaceOrientationLandscapeRight";
				INFOPLIST_KEY_UISupportedInterfaceOrientations_iPhone = "UIInterfaceOrientationPortrait UIInterfaceOrientationLandscapeLeft UIInterfaceOrientationLandscapeRight";
				IPHONEOS_DEPLOYMENT_TARGET = 18.0;
				LD_RUNPATH_SEARCH_PATHS = (
					"$(inherited)",
					"@executable_path/Frameworks",
				);
				MARKETING_VERSION = 1.0;
				PRODUCT_BUNDLE_IDENTIFIER = app.thepixelforge.CCloud;
				PRODUCT_NAME = CCloud;
				SDKROOT = iphoneos;
				STRING_CATALOG_GENERATE_SYMBOLS = YES;
				SUPPORTED_PLATFORMS = "iphoneos iphonesimulator";
				SUPPORTS_MACCATALYST = NO;
				SUPPORTS_MAC_DESIGNED_FOR_IPHONE_IPAD = NO;
				SUPPORTS_XR_DESIGNED_FOR_IPHONE_IPAD = NO;
				SWIFT_APPROACHABLE_CONCURRENCY = YES;
				SWIFT_DEFAULT_ACTOR_ISOLATION = MainActor;
				SWIFT_EMIT_LOC_STRINGS = YES;
				SWIFT_UPCOMING_FEATURE_MEMBER_IMPORT_VISIBILITY = YES;
				SWIFT_VERSION = 6.0;
				TARGETED_DEVICE_FAMILY = "1,2";
			};
			name = Release;
		};
		FB4BC549CE5012F5B64345B5 /* Release */ = {
			isa = XCBuildConfiguration;
			buildSettings = {
				ASSETCATALOG_COMPILER_APPICON_NAME = AppIcon;
				ASSETCATALOG_COMPILER_GLOBAL_ACCENT_COLOR_NAME = AccentColor;
				"CODE_SIGN_IDENTITY[sdk=macosx*]" = "-";
				CODE_SIGN_STYLE = Automatic;
				COMBINE_HIDPI_IMAGES = YES;
				CURRENT_PROJECT_VERSION = 1;
				DEVELOPMENT_TEAM = 987RHGW4P4;
				ENABLE_APP_SANDBOX = YES;
				ENABLE_HARDENED_RUNTIME = YES;
				ENABLE_OUTGOING_NETWORK_CONNECTIONS = YES;
				ENABLE_PREVIEWS = YES;
				ENABLE_USER_SELECTED_FILES = readonly;
				GENERATE_INFOPLIST_FILE = YES;
				INFOPLIST_FILE = Config/macOS/Info.plist;
				INFOPLIST_KEY_CFBundleDisplayName = "CCloud TV";
				INFOPLIST_KEY_LSApplicationCategoryType = "public.app-category.entertainment";
				INFOPLIST_KEY_NSHumanReadableCopyright = "";
				LD_RUNPATH_SEARCH_PATHS = (
					"$(inherited)",
					"@executable_path/../Frameworks",
				);
				MACOSX_DEPLOYMENT_TARGET = 15.0;
				MARKETING_VERSION = 1.0;
				PRODUCT_BUNDLE_IDENTIFIER = app.thepixelforge.CCloud;
				PRODUCT_NAME = CCloud;
				SDKROOT = macosx;
				STRING_CATALOG_GENERATE_SYMBOLS = YES;
				SUPPORTED_PLATFORMS = macosx;
				SWIFT_APPROACHABLE_CONCURRENCY = YES;
				SWIFT_DEFAULT_ACTOR_ISOLATION = MainActor;
				SWIFT_EMIT_LOC_STRINGS = YES;
				SWIFT_UPCOMING_FEATURE_MEMBER_IMPORT_VISIBILITY = YES;
				SWIFT_VERSION = 6.0;
			};
			name = Release;
		};
/* End XCBuildConfiguration section */

/* Begin XCConfigurationList section */
		1D4AF7A2522E1E7DC126BDC0 /* Build configuration list for PBXNativeTarget "CCloud-tvOS" */ = {
			isa = XCConfigurationList;
			buildConfigurations = (
				31640EDFEC6AB497D34C60FE /* Debug */,
				5B6CCF21E6F549D5870F83C9 /* Release */,
			);
			defaultConfigurationIsVisible = 0;
			defaultConfigurationName = Release;
		};
		6985769CB085EA4A86ADB7F2 /* Build configuration list for PBXNativeTarget "CCloud-macOS" */ = {
			isa = XCConfigurationList;
			buildConfigurations = (
				432AC5E18ACFF6B59298C547 /* Debug */,
				FB4BC549CE5012F5B64345B5 /* Release */,
			);
			defaultConfigurationIsVisible = 0;
			defaultConfigurationName = Release;
		};
		92B16A283A1106B430529771 /* Build configuration list for PBXNativeTarget "CCloud-iOS" */ = {
			isa = XCConfigurationList;
			buildConfigurations = (
				1E06FC91CE2185A9E061B694 /* Debug */,
				86F343FE57DE7CC6554523B2 /* Release */,
			);
			defaultConfigurationIsVisible = 0;
			defaultConfigurationName = Release;
		};
		F3DF4B64DAEA78A6E585E0FF /* Build configuration list for PBXProject "CCloud" */ = {
			isa = XCConfigurationList;
			buildConfigurations = (
				1CD2A35A4CCE44AE180B416A /* Debug */,
				864229D890BAA1058C051A5D /* Release */,
			);
			defaultConfigurationIsVisible = 0;
			defaultConfigurationName = Release;
		};
/* End XCConfigurationList section */

/* Begin XCLocalSwiftPackageReference section */
		FCF13A4FF578D8657F5DA3C5 /* XCLocalSwiftPackageReference "CCloudKit" */ = {
			isa = XCLocalSwiftPackageReference;
			relativePath = CCloudKit;
		};
/* End XCLocalSwiftPackageReference section */

/* Begin XCSwiftPackageProductDependency section */
		1D7ADBF1EFDAD298D18900B5 /* CCloudComposition */ = {
			isa = XCSwiftPackageProductDependency;
			productName = CCloudComposition;
		};
		8E1E5186E3A91F89D02A14ED /* CCloudComposition */ = {
			isa = XCSwiftPackageProductDependency;
			productName = CCloudComposition;
		};
		CDF38D31A834ED0A8FB06B24 /* CCloudComposition */ = {
			isa = XCSwiftPackageProductDependency;
			productName = CCloudComposition;
		};
/* End XCSwiftPackageProductDependency section */
	};
	rootObject = 06243CF2AF66EF9332FD97E5 /* Project object */;
}
